
Microsoft Visual Studio Solution File, Format Version 12.00
# Visual Studio Version 17
VisualStudioVersion = 17.4.33205.214
MinimumVisualStudioVersion = 10.0.40219.1
Project("{FAE04EC0-301F-11D3-BF4B-00C04F79EFBC}") = "MeroPharmaProject", "MeroPharmaProject\MeroPharmaProject.csproj", "{815259E8-7804-41FE-B7B3-15148EC488FE}"
EndProject
Global
	GlobalSection(SolutionConfigurationPlatforms) = preSolution
		Debug|Any CPU = Debug|Any CPU
		Release|Any CPU = Release|Any CPU
	EndGlobalSection
	GlobalSection(ProjectConfigurationPlatforms) = postSolution
		{815259E8-7804-41FE-B7B3-15148EC488FE}.Debug|Any CPU.ActiveCfg = Debug|Any CPU
		{815259E8-7804-41FE-B7B3-15148EC488FE}.Debug|Any CPU.Build.0 = Debug|Any CPU
		{815259E8-7804-41FE-B7B3-15148EC488FE}.Release|Any CPU.ActiveCfg = Release|Any CPU
		{815259E8-7804-41FE-B7B3-15148EC488FE}.Release|Any CPU.Build.0 = Release|Any CPU
	EndGlobalSection
	GlobalSection(SolutionProperties) = preSolution
		HideSolutionNode = FALSE
	EndGlobalSection
	GlobalSection(ExtensibilityGlobals) = postSolution
		SolutionGuid = {2D7B45BC-58F3-4173-BD48-F8E92AF0377E}
	EndGlobalSection
EndGlobal
